
Microsoft Visual Studio Solution File, Format Version 12.00
# Visual Studio Version 16
VisualStudioVersion = 16.0.34114.132
MinimumVisualStudioVersion = 10.0.40219.1
Project("{FAE04EC0-301F-11D3-BF4B-00C04F79EFBC}") = "Conexión", "Conexión\Conexión.csproj", "{858DBB4D-A43F-4694-A2F8-7F114E06B402}"
EndProject
Global
	GlobalSection(SolutionConfigurationPlatforms) = preSolution
		Debug|Any CPU = Debug|Any CPU
		Release|Any CPU = Release|Any CPU
	EndGlobalSection
	GlobalSection(ProjectConfigurationPlatforms) = postSolution
		{858DBB4D-A43F-4694-A2F8-7F114E06B402}.Debug|Any CPU.ActiveCfg = Debug|Any CPU
		{858DBB4D-A43F-4694-A2F8-7F114E06B402}.Debug|Any CPU.Build.0 = Debug|Any CPU
		{858DBB4D-A43F-4694-A2F8-7F114E06B402}.Release|Any CPU.ActiveCfg = Release|Any CPU
		{858DBB4D-A43F-4694-A2F8-7F114E06B402}.Release|Any CPU.Build.0 = Release|Any CPU
	EndGlobalSection
	GlobalSection(SolutionProperties) = preSolution
		HideSolutionNode = FALSE
	EndGlobalSection
	GlobalSection(ExtensibilityGlobals) = postSolution
		SolutionGuid = {D909748A-3B2D-43E0-AC9D-F2CBF2E88FEB}
	EndGlobalSection
EndGlobal
