
Microsoft Visual Studio Solution File, Format Version 12.00
# Visual Studio Version 16
VisualStudioVersion = 16.0.34114.132
MinimumVisualStudioVersion = 10.0.40219.1
Project("{FAE04EC0-301F-11D3-BF4B-00C04F79EFBC}") = "Tuplas", "Tuplas\Tuplas.csproj", "{DF80DC47-D6F1-4C10-9221-581D3F8F36DF}"
EndProject
Global
	GlobalSection(SolutionConfigurationPlatforms) = preSolution
		Debug|Any CPU = Debug|Any CPU
		Release|Any CPU = Release|Any CPU
	EndGlobalSection
	GlobalSection(ProjectConfigurationPlatforms) = postSolution
		{DF80DC47-D6F1-4C10-9221-581D3F8F36DF}.Debug|Any CPU.ActiveCfg = Debug|Any CPU
		{DF80DC47-D6F1-4C10-9221-581D3F8F36DF}.Debug|Any CPU.Build.0 = Debug|Any CPU
		{DF80DC47-D6F1-4C10-9221-581D3F8F36DF}.Release|Any CPU.ActiveCfg = Release|Any CPU
		{DF80DC47-D6F1-4C10-9221-581D3F8F36DF}.Release|Any CPU.Build.0 = Release|Any CPU
	EndGlobalSection
	GlobalSection(SolutionProperties) = preSolution
		HideSolutionNode = FALSE
	EndGlobalSection
	GlobalSection(ExtensibilityGlobals) = postSolution
		SolutionGuid = {9B377842-C9C7-47EE-A62D-BA5266438EC9}
	EndGlobalSection
EndGlobal
