
Microsoft Visual Studio Solution File, Format Version 12.00
# Visual Studio Version 16
VisualStudioVersion = 16.0.34114.132
MinimumVisualStudioVersion = 10.0.40219.1
Project("{FAE04EC0-301F-11D3-BF4B-00C04F79EFBC}") = "clases_y_objetos", "clases_y_objetos\clases_y_objetos.csproj", "{8E912628-7639-4155-BDFC-44D0C4365831}"
EndProject
Global
	GlobalSection(SolutionConfigurationPlatforms) = preSolution
		Debug|Any CPU = Debug|Any CPU
		Release|Any CPU = Release|Any CPU
	EndGlobalSection
	GlobalSection(ProjectConfigurationPlatforms) = postSolution
		{8E912628-7639-4155-BDFC-44D0C4365831}.Debug|Any CPU.ActiveCfg = Debug|Any CPU
		{8E912628-7639-4155-BDFC-44D0C4365831}.Debug|Any CPU.Build.0 = Debug|Any CPU
		{8E912628-7639-4155-BDFC-44D0C4365831}.Release|Any CPU.ActiveCfg = Release|Any CPU
		{8E912628-7639-4155-BDFC-44D0C4365831}.Release|Any CPU.Build.0 = Release|Any CPU
	EndGlobalSection
	GlobalSection(SolutionProperties) = preSolution
		HideSolutionNode = FALSE
	EndGlobalSection
	GlobalSection(ExtensibilityGlobals) = postSolution
		SolutionGuid = {8BAD5DE0-3FC7-4E49-B395-9C2CC80F91F1}
	EndGlobalSection
EndGlobal
