
Microsoft Visual Studio Solution File, Format Version 12.00
# Visual Studio Version 16
VisualStudioVersion = 16.0.34114.132
MinimumVisualStudioVersion = 10.0.40219.1
Project("{FAE04EC0-301F-11D3-BF4B-00C04F79EFBC}") = "Serialización de Objetos (Json)", "Serialización de Objetos (Json)\Serialización de Objetos (Json).csproj", "{E3F07ABD-80E8-4028-A531-CADC46B98888}"
EndProject
Global
	GlobalSection(SolutionConfigurationPlatforms) = preSolution
		Debug|Any CPU = Debug|Any CPU
		Release|Any CPU = Release|Any CPU
	EndGlobalSection
	GlobalSection(ProjectConfigurationPlatforms) = postSolution
		{E3F07ABD-80E8-4028-A531-CADC46B98888}.Debug|Any CPU.ActiveCfg = Debug|Any CPU
		{E3F07ABD-80E8-4028-A531-CADC46B98888}.Debug|Any CPU.Build.0 = Debug|Any CPU
		{E3F07ABD-80E8-4028-A531-CADC46B98888}.Release|Any CPU.ActiveCfg = Release|Any CPU
		{E3F07ABD-80E8-4028-A531-CADC46B98888}.Release|Any CPU.Build.0 = Release|Any CPU
	EndGlobalSection
	GlobalSection(SolutionProperties) = preSolution
		HideSolutionNode = FALSE
	EndGlobalSection
	GlobalSection(ExtensibilityGlobals) = postSolution
		SolutionGuid = {CD1AE836-C089-4027-B5E3-6F2660F84193}
	EndGlobalSection
EndGlobal
