
Microsoft Visual Studio Solution File, Format Version 12.00
# Visual Studio Version 16
VisualStudioVersion = 16.0.34114.132
MinimumVisualStudioVersion = 10.0.40219.1
Project("{FAE04EC0-301F-11D3-BF4B-00C04F79EFBC}") = "areglos", "areglos\areglos.csproj", "{6409607C-2E63-41D4-99EF-12411C9B4358}"
EndProject
Global
	GlobalSection(SolutionConfigurationPlatforms) = preSolution
		Debug|Any CPU = Debug|Any CPU
		Release|Any CPU = Release|Any CPU
	EndGlobalSection
	GlobalSection(ProjectConfigurationPlatforms) = postSolution
		{6409607C-2E63-41D4-99EF-12411C9B4358}.Debug|Any CPU.ActiveCfg = Debug|Any CPU
		{6409607C-2E63-41D4-99EF-12411C9B4358}.Debug|Any CPU.Build.0 = Debug|Any CPU
		{6409607C-2E63-41D4-99EF-12411C9B4358}.Release|Any CPU.ActiveCfg = Release|Any CPU
		{6409607C-2E63-41D4-99EF-12411C9B4358}.Release|Any CPU.Build.0 = Release|Any CPU
	EndGlobalSection
	GlobalSection(SolutionProperties) = preSolution
		HideSolutionNode = FALSE
	EndGlobalSection
	GlobalSection(ExtensibilityGlobals) = postSolution
		SolutionGuid = {D46D4B66-026C-40B6-8D42-A64AC2DF53F0}
	EndGlobalSection
EndGlobal
