
Microsoft Visual Studio Solution File, Format Version 12.00
# Visual Studio Version 17
VisualStudioVersion = 17.8.34330.188
MinimumVisualStudioVersion = 10.0.40219.1
Project("{FAE04EC0-301F-11D3-BF4B-00C04F79EFBC}") = "Utilización de Entity Framework", "Utilización de Entity Framework\Utilización de Entity Framework.csproj", "{DE4C1A66-35EF-41B2-9443-13F616C251A3}"
EndProject
Global
	GlobalSection(SolutionConfigurationPlatforms) = preSolution
		Debug|Any CPU = Debug|Any CPU
		Release|Any CPU = Release|Any CPU
	EndGlobalSection
	GlobalSection(ProjectConfigurationPlatforms) = postSolution
		{DE4C1A66-35EF-41B2-9443-13F616C251A3}.Debug|Any CPU.ActiveCfg = Debug|Any CPU
		{DE4C1A66-35EF-41B2-9443-13F616C251A3}.Debug|Any CPU.Build.0 = Debug|Any CPU
		{DE4C1A66-35EF-41B2-9443-13F616C251A3}.Release|Any CPU.ActiveCfg = Release|Any CPU
		{DE4C1A66-35EF-41B2-9443-13F616C251A3}.Release|Any CPU.Build.0 = Release|Any CPU
	EndGlobalSection
	GlobalSection(SolutionProperties) = preSolution
		HideSolutionNode = FALSE
	EndGlobalSection
	GlobalSection(ExtensibilityGlobals) = postSolution
		SolutionGuid = {E7C5BACA-04D1-489C-98B3-491022273795}
	EndGlobalSection
EndGlobal
